// !$*UTF8*$!
{
	archiveVersion = 1;
	classes = {
	};
	objectVersion = 55;
	objects = {

/* Begin PBXBuildFile section */
		782A30A69F7EF6ED4EBDEDD2 /* Pods_AnimationAppTest.framework in Frameworks */ = {isa = PBXBuildFile; fileRef = EC3183C2E5D84937D1147EAC /* Pods_AnimationAppTest.framework */; };
		F30183F027FCB0A400AE3776 /* AnimationInfo.swift in Sources */ = {isa = PBXBuildFile; fileRef = F30183EF27FCB0A400AE3776 /* AnimationInfo.swift */; };
		F30183F227FCB2CE00AE3776 /* AnimationManager.swift in Sources */ = {isa = PBXBuildFile; fileRef = F30183F127FCB2CE00AE3776 /* AnimationManager.swift */; };
		F33A368227FCA9EA00F0C43A /* AppDelegate.swift in Sources */ = {isa = PBXBuildFile; fileRef = F33A368127FCA9EA00F0C43A /* AppDelegate.swift */; };
		F33A368427FCA9EA00F0C43A /* SceneDelegate.swift in Sources */ = {isa = PBXBuildFile; fileRef = F33A368327FCA9EA00F0C43A /* SceneDelegate.swift */; };
		F33A368627FCA9EA00F0C43A /* ViewController.swift in Sources */ = {isa = PBXBuildFile; fileRef = F33A368527FCA9EA00F0C43A /* ViewController.swift */; };
		F33A368927FCA9EA00F0C43A /* Main.storyboard in Resources */ = {isa = PBXBuildFile; fileRef = F33A368727FCA9EA00F0C43A /* Main.storyboard */; };
		F33A368B27FCA9EB00F0C43A /* Assets.xcassets in Resources */ = {isa = PBXBuildFile; fileRef = F33A368A27FCA9EB00F0C43A /* Assets.xcassets */; };
		F33A368E27FCA9EB00F0C43A /* LaunchScreen.storyboard in Resources */ = {isa = PBXBuildFile; fileRef = F33A368C27FCA9EB00F0C43A /* LaunchScreen.storyboard */; };
/* End PBXBuildFile section */

/* Begin PBXFileReference section */
		CCD5CCBD162DA5AC413BD2A3 /* Pods-AnimationAppTest.release.xcconfig */ = {isa = PBXFileReference; includeInIndex = 1; lastKnownFileType = text.xcconfig; name = "Pods-AnimationAppTest.release.xcconfig"; path = "Target Support Files/Pods-AnimationAppTest/Pods-AnimationAppTest.release.xcconfig"; sourceTree = "<group>"; };
		E95062B80C7874DB3F885CFF /* Pods-AnimationAppTest.debug.xcconfig */ = {isa = PBXFileReference; includeInIndex = 1; lastKnownFileType = text.xcconfig; name = "Pods-AnimationAppTest.debug.xcconfig"; path = "Target Support Files/Pods-AnimationAppTest/Pods-AnimationAppTest.debug.xcconfig"; sourceTree = "<group>"; };
		EC3183C2E5D84937D1147EAC /* Pods_AnimationAppTest.framework */ = {isa = PBXFileReference; explicitFileType = wrapper.framework; includeInIndex = 0; path = Pods_AnimationAppTest.framework; sourceTree = BUILT_PRODUCTS_DIR; };
		F30183EF27FCB0A400AE3776 /* AnimationInfo.swift */ = {isa = PBXFileReference; lastKnownFileType = sourcecode.swift; path = AnimationInfo.swift; sourceTree = "<group>"; };
		F30183F127FCB2CE00AE3776 /* AnimationManager.swift */ = {isa = PBXFileReference; lastKnownFileType = sourcecode.swift; path = AnimationManager.swift; sourceTree = "<group>"; };
		F33A367E27FCA9EA00F0C43A /* AnimationAppTest.app */ = {isa = PBXFileReference; explicitFileType = wrapper.application; includeInIndex = 0; path = AnimationAppTest.app; sourceTree = BUILT_PRODUCTS_DIR; };
		F33A368127FCA9EA00F0C43A /* AppDelegate.swift */ = {isa = PBXFileReference; lastKnownFileType = sourcecode.swift; path = AppDelegate.swift; sourceTree = "<group>"; };
		F33A368327FCA9EA00F0C43A /* SceneDelegate.swift */ = {isa = PBXFileReference; lastKnownFileType = sourcecode.swift; path = SceneDelegate.swift; sourceTree = "<group>"; };
		F33A368527FCA9EA00F0C43A /* ViewController.swift */ = {isa = PBXFileReference; lastKnownFileType = sourcecode.swift; path = ViewController.swift; sourceTree = "<group>"; };
		F33A368827FCA9EA00F0C43A /* Base */ = {isa = PBXFileReference; lastKnownFileType = file.storyboard; name = Base; path = Base.lproj/Main.storyboard; sourceTree = "<group>"; };
		F33A368A27FCA9EB00F0C43A /* Assets.xcassets */ = {isa = PBXFileReference; lastKnownFileType = folder.assetcatalog; path = Assets.xcassets; sourceTree = "<group>"; };
		F33A368D27FCA9EB00F0C43A /* Base */ = {isa = PBXFileReference; lastKnownFileType = file.storyboard; name = Base; path = Base.lproj/LaunchScreen.storyboard; sourceTree = "<group>"; };
		F33A368F27FCA9EB00F0C43A /* Info.plist */ = {isa = PBXFileReference; lastKnownFileType = text.plist.xml; path = Info.plist; sourceTree = "<group>"; };
/* End PBXFileReference section */

/* Begin PBXFrameworksBuildPhase section */
		F33A367B27FCA9EA00F0C43A /* Frameworks */ = {
			isa = PBXFrameworksBuildPhase;
			buildActionMask = 2147483647;
			files = (
				782A30A69F7EF6ED4EBDEDD2 /* Pods_AnimationAppTest.framework in Frameworks */,
			);
			runOnlyForDeploymentPostprocessing = 0;
		};
/* End PBXFrameworksBuildPhase section */

/* Begin PBXGroup section */
		2B2EEE811424C51ABDDED0C2 /* Frameworks */ = {
			isa = PBXGroup;
			children = (
				EC3183C2E5D84937D1147EAC /* Pods_AnimationAppTest.framework */,
			);
			name = Frameworks;
			sourceTree = "<group>";
		};
		85EF81F8F876E3D8BE10B57E /* Pods */ = {
			isa = PBXGroup;
			children = (
				E95062B80C7874DB3F885CFF /* Pods-AnimationAppTest.debug.xcconfig */,
				CCD5CCBD162DA5AC413BD2A3 /* Pods-AnimationAppTest.release.xcconfig */,
			);
			path = Pods;
			sourceTree = "<group>";
		};
		F30183E927FCAF9200AE3776 /* App */ = {
			isa = PBXGroup;
			children = (
				F33A368327FCA9EA00F0C43A /* SceneDelegate.swift */,
				F33A368127FCA9EA00F0C43A /* AppDelegate.swift */,
			);
			path = App;
			sourceTree = "<group>";
		};
		F30183EA27FCAFAA00AE3776 /* Controllers */ = {
			isa = PBXGroup;
			children = (
				F33A368527FCA9EA00F0C43A /* ViewController.swift */,
			);
			path = Controllers;
			sourceTree = "<group>";
		};
		F30183EB27FCAFC300AE3776 /* Storyboards */ = {
			isa = PBXGroup;
			children = (
				F33A368C27FCA9EB00F0C43A /* LaunchScreen.storyboard */,
				F33A368727FCA9EA00F0C43A /* Main.storyboard */,
			);
			path = Storyboards;
			sourceTree = "<group>";
		};
		F30183EC27FCAFD300AE3776 /* Resources */ = {
			isa = PBXGroup;
			children = (
				F33A368F27FCA9EB00F0C43A /* Info.plist */,
				F33A368A27FCA9EB00F0C43A /* Assets.xcassets */,
			);
			path = Resources;
			sourceTree = "<group>";
		};
		F30183ED27FCB02C00AE3776 /* Models */ = {
			isa = PBXGroup;
			children = (
				F30183EF27FCB0A400AE3776 /* AnimationInfo.swift */,
			);
			path = Models;
			sourceTree = "<group>";
		};
		F30183EE27FCB03200AE3776 /* Managers */ = {
			isa = PBXGroup;
			children = (
				F30183F127FCB2CE00AE3776 /* AnimationManager.swift */,
			);
			path = Managers;
			sourceTree = "<group>";
		};
		F33A367527FCA9EA00F0C43A = {
			isa = PBXGroup;
			children = (
				F33A368027FCA9EA00F0C43A /* AnimationAppTest */,
				F33A367F27FCA9EA00F0C43A /* Products */,
				85EF81F8F876E3D8BE10B57E /* Pods */,
				2B2EEE811424C51ABDDED0C2 /* Frameworks */,
			);
			sourceTree = "<group>";
		};
		F33A367F27FCA9EA00F0C43A /* Products */ = {
			isa = PBXGroup;
			children = (
				F33A367E27FCA9EA00F0C43A /* AnimationAppTest.app */,
			);
			name = Products;
			sourceTree = "<group>";
		};
		F33A368027FCA9EA00F0C43A /* AnimationAppTest */ = {
			isa = PBXGroup;
			children = (
				F30183EE27FCB03200AE3776 /* Managers */,
				F30183ED27FCB02C00AE3776 /* Models */,
				F30183EA27FCAFAA00AE3776 /* Controllers */,
				F30183EB27FCAFC300AE3776 /* Storyboards */,
				F30183EC27FCAFD300AE3776 /* Resources */,
				F30183E927FCAF9200AE3776 /* App */,
			);
			path = AnimationAppTest;
			sourceTree = "<group>";
		};
/* End PBXGroup section */

/* Begin PBXNativeTarget section */
		F33A367D27FCA9EA00F0C43A /* AnimationAppTest */ = {
			isa = PBXNativeTarget;
			buildConfigurationList = F33A369227FCA9EB00F0C43A /* Build configuration list for PBXNativeTarget "AnimationAppTest" */;
			buildPhases = (
				B815535C65F19E5D80CB4FD2 /* [CP] Check Pods Manifest.lock */,
				F33A367A27FCA9EA00F0C43A /* Sources */,
				F33A367B27FCA9EA00F0C43A /* Frameworks */,
				F33A367C27FCA9EA00F0C43A /* Resources */,
				EFA4AAE6F90BC2829E03061B /* [CP] Embed Pods Frameworks */,
			);
			buildRules = (
			);
			dependencies = (
			);
			name = AnimationAppTest;
			productName = AnimationAppTest;
			productReference = F33A367E27FCA9EA00F0C43A /* AnimationAppTest.app */;
			productType = "com.apple.product-type.application";
		};
/* End PBXNativeTarget section */

/* Begin PBXProject section */
		F33A367627FCA9EA00F0C43A /* Project object */ = {
			isa = PBXProject;
			attributes = {
				BuildIndependentTargetsInParallel = 1;
				LastSwiftUpdateCheck = 1300;
				LastUpgradeCheck = 1300;
				TargetAttributes = {
					F33A367D27FCA9EA00F0C43A = {
						CreatedOnToolsVersion = 13.0;
					};
				};
			};
			buildConfigurationList = F33A367927FCA9EA00F0C43A /* Build configuration list for PBXProject "AnimationAppTest" */;
			compatibilityVersion = "Xcode 13.0";
			developmentRegion = en;
			hasScannedForEncodings = 0;
			knownRegions = (
				en,
				Base,
			);
			mainGroup = F33A367527FCA9EA00F0C43A;
			productRefGroup = F33A367F27FCA9EA00F0C43A /* Products */;
			projectDirPath = "";
			projectRoot = "";
			targets = (
				F33A367D27FCA9EA00F0C43A /* AnimationAppTest */,
			);
		};
/* End PBXProject section */

/* Begin PBXResourcesBuildPhase section */
		F33A367C27FCA9EA00F0C43A /* Resources */ = {
			isa = PBXResourcesBuildPhase;
			buildActionMask = 2147483647;
			files = (
				F33A368E27FCA9EB00F0C43A /* LaunchScreen.storyboard in Resources */,
				F33A368B27FCA9EB00F0C43A /* Assets.xcassets in Resources */,
				F33A368927FCA9EA00F0C43A /* Main.storyboard in Resources */,
			);
			runOnlyForDeploymentPostprocessing = 0;
		};
/* End PBXResourcesBuildPhase section */

/* Begin PBXShellScriptBuildPhase section */
		B815535C65F19E5D80CB4FD2 /* [CP] Check Pods Manifest.lock */ = {
			isa = PBXShellScriptBuildPhase;
			buildActionMask = 2147483647;
			files = (
			);
			inputFileListPaths = (
			);
			inputPaths = (
				"${PODS_PODFILE_DIR_PATH}/Podfile.lock",
				"${PODS_ROOT}/Manifest.lock",
			);
			name = "[CP] Check Pods Manifest.lock";
			outputFileListPaths = (
			);
			outputPaths = (
				"$(DERIVED_FILE_DIR)/Pods-AnimationAppTest-checkManifestLockResult.txt",
			);
			runOnlyForDeploymentPostprocessing = 0;
			shellPath = /bin/sh;
			shellScript = "diff \"${PODS_PODFILE_DIR_PATH}/Podfile.lock\" \"${PODS_ROOT}/Manifest.lock\" > /dev/null\nif [ $? != 0 ] ; then\n    # print error to STDERR\n    echo \"error: The sandbox is not in sync with the Podfile.lock. Run 'pod install' or update your CocoaPods installation.\" >&2\n    exit 1\nfi\n# This output is used by Xcode 'outputs' to avoid re-running this script phase.\necho \"SUCCESS\" > \"${SCRIPT_OUTPUT_FILE_0}\"\n";
			showEnvVarsInLog = 0;
		};
		EFA4AAE6F90BC2829E03061B /* [CP] Embed Pods Frameworks */ = {
			isa = PBXShellScriptBuildPhase;
			buildActionMask = 2147483647;
			files = (
			);
			inputFileListPaths = (
				"${PODS_ROOT}/Target Support Files/Pods-AnimationAppTest/Pods-AnimationAppTest-frameworks-${CONFIGURATION}-input-files.xcfilelist",
			);
			name = "[CP] Embed Pods Frameworks";
			outputFileListPaths = (
				"${PODS_ROOT}/Target Support Files/Pods-AnimationAppTest/Pods-AnimationAppTest-frameworks-${CONFIGURATION}-output-files.xcfilelist",
			);
			runOnlyForDeploymentPostprocessing = 0;
			shellPath = /bin/sh;
			shellScript = "\"${PODS_ROOT}/Target Support Files/Pods-AnimationAppTest/Pods-AnimationAppTest-frameworks.sh\"\n";
			showEnvVarsInLog = 0;
		};
/* End PBXShellScriptBuildPhase section */

/* Begin PBXSourcesBuildPhase section */
		F33A367A27FCA9EA00F0C43A /* Sources */ = {
			isa = PBXSourcesBuildPhase;
			buildActionMask = 2147483647;
			files = (
				F33A368627FCA9EA00F0C43A /* ViewController.swift in Sources */,
				F33A368227FCA9EA00F0C43A /* AppDelegate.swift in Sources */,
				F30183F027FCB0A400AE3776 /* AnimationInfo.swift in Sources */,
				F33A368427FCA9EA00F0C43A /* SceneDelegate.swift in Sources */,
				F30183F227FCB2CE00AE3776 /* AnimationManager.swift in Sources */,
			);
			runOnlyForDeploymentPostprocessing = 0;
		};
/* End PBXSourcesBuildPhase section */

/* Begin PBXVariantGroup section */
		F33A368727FCA9EA00F0C43A /* Main.storyboard */ = {
			isa = PBXVariantGroup;
			children = (
				F33A368827FCA9EA00F0C43A /* Base */,
			);
			name = Main.storyboard;
			sourceTree = "<group>";
		};
		F33A368C27FCA9EB00F0C43A /* LaunchScreen.storyboard */ = {
			isa = PBXVariantGroup;
			children = (
				F33A368D27FCA9EB00F0C43A /* Base */,
			);
			name = LaunchScreen.storyboard;
			sourceTree = "<group>";
		};
/* End PBXVariantGroup section */

/* Begin XCBuildConfiguration section */
		F33A369027FCA9EB00F0C43A /* Debug */ = {
			isa = XCBuildConfiguration;
			buildSettings = {
				ALWAYS_SEARCH_USER_PATHS = NO;
				CLANG_ANALYZER_NONNULL = YES;
				CLANG_ANALYZER_NUMBER_OBJECT_CONVERSION = YES_AGGRESSIVE;
				CLANG_CXX_LANGUAGE_STANDARD = "gnu++17";
				CLANG_CXX_LIBRARY = "libc++";
				CLANG_ENABLE_MODULES = YES;
				CLANG_ENABLE_OBJC_ARC = YES;
				CLANG_ENABLE_OBJC_WEAK = YES;
				CLANG_WARN_BLOCK_CAPTURE_AUTORELEASING = YES;
				CLANG_WARN_BOOL_CONVERSION = YES;
				CLANG_WARN_COMMA = YES;
				CLANG_WARN_CONSTANT_CONVERSION = YES;
				CLANG_WARN_DEPRECATED_OBJC_IMPLEMENTATIONS = YES;
				CLANG_WARN_DIRECT_OBJC_ISA_USAGE = YES_ERROR;
				CLANG_WARN_DOCUMENTATION_COMMENTS = YES;
				CLANG_WARN_EMPTY_BODY = YES;
				CLANG_WARN_ENUM_CONVERSION = YES;
				CLANG_WARN_INFINITE_RECURSION = YES;
				CLANG_WARN_INT_CONVERSION = YES;
				CLANG_WARN_NON_LITERAL_NULL_CONVERSION = YES;
				CLANG_WARN_OBJC_IMPLICIT_RETAIN_SELF = YES;
				CLANG_WARN_OBJC_LITERAL_CONVERSION = YES;
				CLANG_WARN_OBJC_ROOT_CLASS = YES_ERROR;
				CLANG_WARN_QUOTED_INCLUDE_IN_FRAMEWORK_HEADER = YES;
				CLANG_WARN_RANGE_LOOP_ANALYSIS = YES;
				CLANG_WARN_STRICT_PROTOTYPES = YES;
				CLANG_WARN_SUSPICIOUS_MOVE = YES;
				CLANG_WARN_UNGUARDED_AVAILABILITY = YES_AGGRESSIVE;
				CLANG_WARN_UNREACHABLE_CODE = YES;
				CLANG_WARN__DUPLICATE_METHOD_MATCH = YES;
				COPY_PHASE_STRIP = NO;
				DEBUG_INFORMATION_FORMAT = dwarf;
				ENABLE_STRICT_OBJC_MSGSEND = YES;
				ENABLE_TESTABILITY = YES;
				GCC_C_LANGUAGE_STANDARD = gnu11;
				GCC_DYNAMIC_NO_PIC = NO;
				GCC_NO_COMMON_BLOCKS = YES;
				GCC_OPTIMIZATION_LEVEL = 0;
				GCC_PREPROCESSOR_DEFINITIONS = (
					"DEBUG=1",
					"$(inherited)",
				);
				GCC_WARN_64_TO_32_BIT_CONVERSION = YES;
				GCC_WARN_ABOUT_RETURN_TYPE = YES_ERROR;
				GCC_WARN_UNDECLARED_SELECTOR = YES;
				GCC_WARN_UNINITIALIZED_AUTOS = YES_AGGRESSIVE;
				GCC_WARN_UNUSED_FUNCTION = YES;
				GCC_WARN_UNUSED_VARIABLE = YES;
				IPHONEOS_DEPLOYMENT_TARGET = 15.0;
				MTL_ENABLE_DEBUG_INFO = INCLUDE_SOURCE;
				MTL_FAST_MATH = YES;
				ONLY_ACTIVE_ARCH = YES;
				SDKROOT = iphoneos;
				SWIFT_ACTIVE_COMPILATION_CONDITIONS = DEBUG;
				SWIFT_OPTIMIZATION_LEVEL = "-Onone";
			};
			name = Debug;
		};
		F33A369127FCA9EB00F0C43A /* Release */ = {
			isa = XCBuildConfiguration;
			buildSettings = {
				ALWAYS_SEARCH_USER_PATHS = NO;
				CLANG_ANALYZER_NONNULL = YES;
				CLANG_ANALYZER_NUMBER_OBJECT_CONVERSION = YES_AGGRESSIVE;
				CLANG_CXX_LANGUAGE_STANDARD = "gnu++17";
				CLANG_CXX_LIBRARY = "libc++";
				CLANG_ENABLE_MODULES = YES;
				CLANG_ENABLE_OBJC_ARC = YES;
				CLANG_ENABLE_OBJC_WEAK = YES;
				CLANG_WARN_BLOCK_CAPTURE_AUTORELEASING = YES;
				CLANG_WARN_BOOL_CONVERSION = YES;
				CLANG_WARN_COMMA = YES;
				CLANG_WARN_CONSTANT_CONVERSION = YES;
				CLANG_WARN_DEPRECATED_OBJC_IMPLEMENTATIONS = YES;
				CLANG_WARN_DIRECT_OBJC_ISA_USAGE = YES_ERROR;
				CLANG_WARN_DOCUMENTATION_COMMENTS = YES;
				CLANG_WARN_EMPTY_BODY = YES;
				CLANG_WARN_ENUM_CONVERSION = YES;
				CLANG_WARN_INFINITE_RECURSION = YES;
				CLANG_WARN_INT_CONVERSION = YES;
				CLANG_WARN_NON_LITERAL_NULL_CONVERSION = YES;
				CLANG_WARN_OBJC_IMPLICIT_RETAIN_SELF = YES;
				CLANG_WARN_OBJC_LITERAL_CONVERSION = YES;
				CLANG_WARN_OBJC_ROOT_CLASS = YES_ERROR;
				CLANG_WARN_QUOTED_INCLUDE_IN_FRAMEWORK_HEADER = YES;
				CLANG_WARN_RANGE_LOOP_ANALYSIS = YES;
				CLANG_WARN_STRICT_PROTOTYPES = YES;
				CLANG_WARN_SUSPICIOUS_MOVE = YES;
				CLANG_WARN_UNGUARDED_AVAILABILITY = YES_AGGRESSIVE;
				CLANG_WARN_UNREACHABLE_CODE = YES;
				CLANG_WARN__DUPLICATE_METHOD_MATCH = YES;
				COPY_PHASE_STRIP = NO;
				DEBUG_INFORMATION_FORMAT = "dwarf-with-dsym";
				ENABLE_NS_ASSERTIONS = NO;
				ENABLE_STRICT_OBJC_MSGSEND = YES;
				GCC_C_LANGUAGE_STANDARD = gnu11;
				GCC_NO_COMMON_BLOCKS = YES;
				GCC_WARN_64_TO_32_BIT_CONVERSION = YES;
				GCC_WARN_ABOUT_RETURN_TYPE = YES_ERROR;
				GCC_WARN_UNDECLARED_SELECTOR = YES;
				GCC_WARN_UNINITIALIZED_AUTOS = YES_AGGRESSIVE;
				GCC_WARN_UNUSED_FUNCTION = YES;
				GCC_WARN_UNUSED_VARIABLE = YES;
				IPHONEOS_DEPLOYMENT_TARGET = 15.0;
				MTL_ENABLE_DEBUG_INFO = NO;
				MTL_FAST_MATH = YES;
				SDKROOT = iphoneos;
				SWIFT_COMPILATION_MODE = wholemodule;
				SWIFT_OPTIMIZATION_LEVEL = "-O";
				VALIDATE_PRODUCT = YES;
			};
			name = Release;
		};
		F33A369327FCA9EB00F0C43A /* Debug */ = {
			isa = XCBuildConfiguration;
			baseConfigurationReference = E95062B80C7874DB3F885CFF /* Pods-AnimationAppTest.debug.xcconfig */;
			buildSettings = {
				ASSETCATALOG_COMPILER_APPICON_NAME = AppIcon;
				ASSETCATALOG_COMPILER_GLOBAL_ACCENT_COLOR_NAME = AccentColor;
				CODE_SIGN_STYLE = Automatic;
				CURRENT_PROJECT_VERSION = 1;
				DEVELOPMENT_TEAM = M29X8436L3;
				GENERATE_INFOPLIST_FILE = YES;
				INFOPLIST_FILE = AnimationAppTest/Resources/Info.plist;
				INFOPLIST_KEY_UIApplicationSupportsIndirectInputEvents = YES;
				INFOPLIST_KEY_UILaunchStoryboardName = LaunchScreen;
				INFOPLIST_KEY_UIMainStoryboardFile = Main;
				INFOPLIST_KEY_UISupportedInterfaceOrientations_iPad = "UIInterfaceOrientationPortrait UIInterfaceOrientationPortraitUpsideDown UIInterfaceOrientationLandscapeLeft UIInterfaceOrientationLandscapeRight";
				INFOPLIST_KEY_UISupportedInterfaceOrientations_iPhone = "UIInterfaceOrientationPortrait UIInterfaceOrientationLandscapeLeft UIInterfaceOrientationLandscapeRight";
				LD_RUNPATH_SEARCH_PATHS = (
					"$(inherited)",
					"@executable_path/Frameworks",
				);
				MARKETING_VERSION = 1.0;
				PRODUCT_BUNDLE_IDENTIFIER = test.AnimationAppTest;
				PRODUCT_NAME = "$(TARGET_NAME)";
				SWIFT_EMIT_LOC_STRINGS = YES;
				SWIFT_VERSION = 5.0;
				TARGETED_DEVICE_FAMILY = "1,2";
			};
			name = Debug;
		};
		F33A369427FCA9EB00F0C43A /* Release */ = {
			isa = XCBuildConfiguration;
			baseConfigurationReference = CCD5CCBD162DA5AC413BD2A3 /* Pods-AnimationAppTest.release.xcconfig */;
			buildSettings = {
				ASSETCATALOG_COMPILER_APPICON_NAME = AppIcon;
				ASSETCATALOG_COMPILER_GLOBAL_ACCENT_COLOR_NAME = AccentColor;
				CODE_SIGN_STYLE = Automatic;
				CURRENT_PROJECT_VERSION = 1;
				DEVELOPMENT_TEAM = M29X8436L3;
				GENERATE_INFOPLIST_FILE = YES;
				INFOPLIST_FILE = AnimationAppTest/Resources/Info.plist;
				INFOPLIST_KEY_UIApplicationSupportsIndirectInputEvents = YES;
				INFOPLIST_KEY_UILaunchStoryboardName = LaunchScreen;
				INFOPLIST_KEY_UIMainStoryboardFile = Main;
				INFOPLIST_KEY_UISupportedInterfaceOrientations_iPad = "UIInterfaceOrientationPortrait UIInterfaceOrientationPortraitUpsideDown UIInterfaceOrientationLandscapeLeft UIInterfaceOrientationLandscapeRight";
				INFOPLIST_KEY_UISupportedInterfaceOrientations_iPhone = "UIInterfaceOrientationPortrait UIInterfaceOrientationLandscapeLeft UIInterfaceOrientationLandscapeRight";
				LD_RUNPATH_SEARCH_PATHS = (
					"$(inherited)",
					"@executable_path/Frameworks",
				);
				MARKETING_VERSION = 1.0;
				PRODUCT_BUNDLE_IDENTIFIER = test.AnimationAppTest;
				PRODUCT_NAME = "$(TARGET_NAME)";
				SWIFT_EMIT_LOC_STRINGS = YES;
				SWIFT_VERSION = 5.0;
				TARGETED_DEVICE_FAMILY = "1,2";
			};
			name = Release;
		};
/* End XCBuildConfiguration section */

/* Begin XCConfigurationList section */
		F33A367927FCA9EA00F0C43A /* Build configuration list for PBXProject "AnimationAppTest" */ = {
			isa = XCConfigurationList;
			buildConfigurations = (
				F33A369027FCA9EB00F0C43A /* Debug */,
				F33A369127FCA9EB00F0C43A /* Release */,
			);
			defaultConfigurationIsVisible = 0;
			defaultConfigurationName = Release;
		};
		F33A369227FCA9EB00F0C43A /* Build configuration list for PBXNativeTarget "AnimationAppTest" */ = {
			isa = XCConfigurationList;
			buildConfigurations = (
				F33A369327FCA9EB00F0C43A /* Debug */,
				F33A369427FCA9EB00F0C43A /* Release */,
			);
			defaultConfigurationIsVisible = 0;
			defaultConfigurationName = Release;
		};
/* End XCConfigurationList section */
	};
	rootObject = F33A367627FCA9EA00F0C43A /* Project object */;
}
